# THIS IS AN AUTOGENERATED FILE. DO NOT EDIT THIS FILE DIRECTLY.
# yarn lockfile v1


"@figma/plugin-typings@1.38":
  version "1.38.0"
  resolved "https://registry.yarnpkg.com/@figma/plugin-typings/-/plugin-typings-1.38.0.tgz#dd7678e83385fe2c1dbcc910f5a2412611ffad53"
  integrity sha512-aFKF+GuN/8AGuboDdKQO+mbCJlQhoS7qNMx8dnqfwa5+fxur9lCh/Dclxrxp+LuSKG854ryXmP7bhZbqO2QapA==

typescript@^4.4.4:
  version "4.4.4"
  resolved "https://registry.yarnpkg.com/typescript/-/typescript-4.4.4.tgz#2cd01a1a1f160704d3101fd5a58ff0f9fcb8030c"
  integrity sha512-DqGhF5IKoBl8WNf8C1gu8q0xZSInh9j1kJJMqT3a94w1JzVaBU4EXOSMrz9yDqMT0xt3selp83fuFMQ0uzv6qA==
